
Microsoft Visual Studio Solution File, Format Version 12.00
# Visual Studio Version 17
VisualStudioVersion = 17.13.35825.156 d17.13
MinimumVisualStudioVersion = 10.0.40219.1
Project("{FAE04EC0-301F-11D3-BF4B-00C04F79EFBC}") = "S5-exemplu", "S5-exemplu\S5-exemplu.csproj", "{D9F7E26D-BB0E-4326-B112-346B658FB79A}"
EndProject
Global
	GlobalSection(SolutionConfigurationPlatforms) = preSolution
		Debug|Any CPU = Debug|Any CPU
		Release|Any CPU = Release|Any CPU
	EndGlobalSection
	GlobalSection(ProjectConfigurationPlatforms) = postSolution
		{D9F7E26D-BB0E-4326-B112-346B658FB79A}.Debug|Any CPU.ActiveCfg = Debug|Any CPU
		{D9F7E26D-BB0E-4326-B112-346B658FB79A}.Debug|Any CPU.Build.0 = Debug|Any CPU
		{D9F7E26D-BB0E-4326-B112-346B658FB79A}.Release|Any CPU.ActiveCfg = Release|Any CPU
		{D9F7E26D-BB0E-4326-B112-346B658FB79A}.Release|Any CPU.Build.0 = Release|Any CPU
	EndGlobalSection
	GlobalSection(SolutionProperties) = preSolution
		HideSolutionNode = FALSE
	EndGlobalSection
	GlobalSection(ExtensibilityGlobals) = postSolution
		SolutionGuid = {84D33AD7-1B4F-471A-81AB-9357C2B9F149}
	EndGlobalSection
EndGlobal
