
Microsoft Visual Studio Solution File, Format Version 12.00
# Visual Studio Version 17
VisualStudioVersion = 17.13.35825.156 d17.13
MinimumVisualStudioVersion = 10.0.40219.1
Project("{FAE04EC0-301F-11D3-BF4B-00C04F79EFBC}") = "Lab4", "Lab4\Lab4.csproj", "{F929AD3A-C379-4680-A75E-FB2143978554}"
EndProject
Global
	GlobalSection(SolutionConfigurationPlatforms) = preSolution
		Debug|Any CPU = Debug|Any CPU
		Release|Any CPU = Release|Any CPU
	EndGlobalSection
	GlobalSection(ProjectConfigurationPlatforms) = postSolution
		{F929AD3A-C379-4680-A75E-FB2143978554}.Debug|Any CPU.ActiveCfg = Debug|Any CPU
		{F929AD3A-C379-4680-A75E-FB2143978554}.Debug|Any CPU.Build.0 = Debug|Any CPU
		{F929AD3A-C379-4680-A75E-FB2143978554}.Release|Any CPU.ActiveCfg = Release|Any CPU
		{F929AD3A-C379-4680-A75E-FB2143978554}.Release|Any CPU.Build.0 = Release|Any CPU
	EndGlobalSection
	GlobalSection(SolutionProperties) = preSolution
		HideSolutionNode = FALSE
	EndGlobalSection
	GlobalSection(ExtensibilityGlobals) = postSolution
		SolutionGuid = {6FC383AE-7D2D-488B-95B6-EB53A9E05115}
	EndGlobalSection
EndGlobal
